
Microsoft Visual Studio Solution File, Format Version 12.00
Project("{FAE04EC0-301F-11D3-BF4B-00C04F79EFBC}") = "app.tests", "app.tests\app.tests.csproj", "{02D5044D-A4E0-48B5-941B-26836BBEA86F}"
EndProject
Project("{FAE04EC0-301F-11D3-BF4B-00C04F79EFBC}") = "app.API", "app.API\app.API.csproj", "{FD65CA65-B759-4B97-8FD6-C6A071F469B2}"
EndProject
Global
	GlobalSection(SolutionConfigurationPlatforms) = preSolution
		Debug|Any CPU = Debug|Any CPU
		Release|Any CPU = Release|Any CPU
	EndGlobalSection
	GlobalSection(ProjectConfigurationPlatforms) = postSolution
		{02D5044D-A4E0-48B5-941B-26836BBEA86F}.Debug|Any CPU.ActiveCfg = Debug|Any CPU
		{02D5044D-A4E0-48B5-941B-26836BBEA86F}.Debug|Any CPU.Build.0 = Debug|Any CPU
		{02D5044D-A4E0-48B5-941B-26836BBEA86F}.Release|Any CPU.ActiveCfg = Release|Any CPU
		{02D5044D-A4E0-48B5-941B-26836BBEA86F}.Release|Any CPU.Build.0 = Release|Any CPU
		{FD65CA65-B759-4B97-8FD6-C6A071F469B2}.Debug|Any CPU.ActiveCfg = Debug|Any CPU
		{FD65CA65-B759-4B97-8FD6-C6A071F469B2}.Debug|Any CPU.Build.0 = Debug|Any CPU
		{FD65CA65-B759-4B97-8FD6-C6A071F469B2}.Release|Any CPU.ActiveCfg = Release|Any CPU
		{FD65CA65-B759-4B97-8FD6-C6A071F469B2}.Release|Any CPU.Build.0 = Release|Any CPU
	EndGlobalSection
EndGlobal
